
Microsoft Visual Studio Solution File, Format Version 12.00
# Visual Studio Version 16
VisualStudioVersion = 16.0.30413.136
MinimumVisualStudioVersion = 10.0.40219.1
Project("{2150E333-8FDC-42A3-9474-1A3956D46DE8}") = "Appplication", "Appplication", "{2D466227-0E59-40FD-9968-8534174E557B}"
EndProject
Project("{2150E333-8FDC-42A3-9474-1A3956D46DE8}") = "Data", "Data", "{DE4B82A9-22CE-4CD3-892A-0D77BE3AA19F}"
EndProject
Project("{2150E333-8FDC-42A3-9474-1A3956D46DE8}") = "Domain", "Domain", "{61D9AC32-04A2-487C-A79B-85FA1A90EE7A}"
EndProject
Project("{2150E333-8FDC-42A3-9474-1A3956D46DE8}") = "Infra.IoC", "Infra.IoC", "{4CB5CB54-6590-4760-9DAE-1F4C74587D54}"
EndProject
Project("{2150E333-8FDC-42A3-9474-1A3956D46DE8}") = "Presentation", "Presentation", "{1D0C57AF-8FC5-46FE-9812-FF29B77E0858}"
EndProject
Project("{9A19103F-16F7-4668-BE54-9A1E7A4F7556}") = "CleanArch.Mvc", "CleanArch.Mvc\CleanArch.Mvc.csproj", "{6B521D1B-4127-45E4-AC5E-10373B5DC797}"
EndProject
Project("{9A19103F-16F7-4668-BE54-9A1E7A4F7556}") = "CleanArch.Domain", "CleanArch.Domain\CleanArch.Domain.csproj", "{4CF4C461-C6A8-4AC8-BDE3-83A2ABE8DBF5}"
EndProject
Project("{9A19103F-16F7-4668-BE54-9A1E7A4F7556}") = "CleanArch.Data", "CleanArch.Data\CleanArch.Data.csproj", "{933EA949-697B-426C-82E7-15F26C55A95D}"
EndProject
Project("{9A19103F-16F7-4668-BE54-9A1E7A4F7556}") = "CleanArch.Appplication", "CleanArch.Appplication\CleanArch.Appplication.csproj", "{CFA74E09-8AD7-4BE3-88E1-FE4D6A8C2F3A}"
EndProject
Project("{9A19103F-16F7-4668-BE54-9A1E7A4F7556}") = "CleanArch.Infra.IoC", "CleanArch.Infra.IoC\CleanArch.Infra.IoC.csproj", "{5C055CBD-92A8-4BF2-8FBD-147DE8026069}"
EndProject
Project("{2150E333-8FDC-42A3-9474-1A3956D46DE8}") = "Infra.Bus", "Infra.Bus", "{6A8C607C-24F4-4B0E-A08D-39E95EA09646}"
EndProject
Project("{2150E333-8FDC-42A3-9474-1A3956D46DE8}") = "Api", "Api", "{9E96E5A6-6587-401C-A8EC-86848EC749EC}"
EndProject
Project("{FAE04EC0-301F-11D3-BF4B-00C04F79EFBC}") = "CleanArch.Infra.Bus", "CleanArch.Infra.Bus\CleanArch.Infra.Bus.csproj", "{E420A413-D20F-4FB8-ABC1-77409F363AEC}"
EndProject
Project("{FAE04EC0-301F-11D3-BF4B-00C04F79EFBC}") = "CleanArch.Domain.Core", "CleanArch.Domain.Core\CleanArch.Domain.Core.csproj", "{7991C990-7B3C-4630-98DA-1F3EDD2DB010}"
EndProject
Global
	GlobalSection(SolutionConfigurationPlatforms) = preSolution
		Debug|Any CPU = Debug|Any CPU
		Release|Any CPU = Release|Any CPU
	EndGlobalSection
	GlobalSection(ProjectConfigurationPlatforms) = postSolution
		{6B521D1B-4127-45E4-AC5E-10373B5DC797}.Debug|Any CPU.ActiveCfg = Debug|Any CPU
		{6B521D1B-4127-45E4-AC5E-10373B5DC797}.Debug|Any CPU.Build.0 = Debug|Any CPU
		{6B521D1B-4127-45E4-AC5E-10373B5DC797}.Release|Any CPU.ActiveCfg = Release|Any CPU
		{6B521D1B-4127-45E4-AC5E-10373B5DC797}.Release|Any CPU.Build.0 = Release|Any CPU
		{4CF4C461-C6A8-4AC8-BDE3-83A2ABE8DBF5}.Debug|Any CPU.ActiveCfg = Debug|Any CPU
		{4CF4C461-C6A8-4AC8-BDE3-83A2ABE8DBF5}.Debug|Any CPU.Build.0 = Debug|Any CPU
		{4CF4C461-C6A8-4AC8-BDE3-83A2ABE8DBF5}.Release|Any CPU.ActiveCfg = Release|Any CPU
		{4CF4C461-C6A8-4AC8-BDE3-83A2ABE8DBF5}.Release|Any CPU.Build.0 = Release|Any CPU
		{933EA949-697B-426C-82E7-15F26C55A95D}.Debug|Any CPU.ActiveCfg = Debug|Any CPU
		{933EA949-697B-426C-82E7-15F26C55A95D}.Debug|Any CPU.Build.0 = Debug|Any CPU
		{933EA949-697B-426C-82E7-15F26C55A95D}.Release|Any CPU.ActiveCfg = Release|Any CPU
		{933EA949-697B-426C-82E7-15F26C55A95D}.Release|Any CPU.Build.0 = Release|Any CPU
		{CFA74E09-8AD7-4BE3-88E1-FE4D6A8C2F3A}.Debug|Any CPU.ActiveCfg = Debug|Any CPU
		{CFA74E09-8AD7-4BE3-88E1-FE4D6A8C2F3A}.Debug|Any CPU.Build.0 = Debug|Any CPU
		{CFA74E09-8AD7-4BE3-88E1-FE4D6A8C2F3A}.Release|Any CPU.ActiveCfg = Release|Any CPU
		{CFA74E09-8AD7-4BE3-88E1-FE4D6A8C2F3A}.Release|Any CPU.Build.0 = Release|Any CPU
		{5C055CBD-92A8-4BF2-8FBD-147DE8026069}.Debug|Any CPU.ActiveCfg = Debug|Any CPU
		{5C055CBD-92A8-4BF2-8FBD-147DE8026069}.Debug|Any CPU.Build.0 = Debug|Any CPU
		{5C055CBD-92A8-4BF2-8FBD-147DE8026069}.Release|Any CPU.ActiveCfg = Release|Any CPU
		{5C055CBD-92A8-4BF2-8FBD-147DE8026069}.Release|Any CPU.Build.0 = Release|Any CPU
		{E420A413-D20F-4FB8-ABC1-77409F363AEC}.Debug|Any CPU.ActiveCfg = Debug|Any CPU
		{E420A413-D20F-4FB8-ABC1-77409F363AEC}.Debug|Any CPU.Build.0 = Debug|Any CPU
		{E420A413-D20F-4FB8-ABC1-77409F363AEC}.Release|Any CPU.ActiveCfg = Release|Any CPU
		{E420A413-D20F-4FB8-ABC1-77409F363AEC}.Release|Any CPU.Build.0 = Release|Any CPU
		{7991C990-7B3C-4630-98DA-1F3EDD2DB010}.Debug|Any CPU.ActiveCfg = Debug|Any CPU
		{7991C990-7B3C-4630-98DA-1F3EDD2DB010}.Debug|Any CPU.Build.0 = Debug|Any CPU
		{7991C990-7B3C-4630-98DA-1F3EDD2DB010}.Release|Any CPU.ActiveCfg = Release|Any CPU
		{7991C990-7B3C-4630-98DA-1F3EDD2DB010}.Release|Any CPU.Build.0 = Release|Any CPU
	EndGlobalSection
	GlobalSection(SolutionProperties) = preSolution
		HideSolutionNode = FALSE
	EndGlobalSection
	GlobalSection(NestedProjects) = preSolution
		{6B521D1B-4127-45E4-AC5E-10373B5DC797} = {1D0C57AF-8FC5-46FE-9812-FF29B77E0858}
		{4CF4C461-C6A8-4AC8-BDE3-83A2ABE8DBF5} = {61D9AC32-04A2-487C-A79B-85FA1A90EE7A}
		{933EA949-697B-426C-82E7-15F26C55A95D} = {DE4B82A9-22CE-4CD3-892A-0D77BE3AA19F}
		{CFA74E09-8AD7-4BE3-88E1-FE4D6A8C2F3A} = {2D466227-0E59-40FD-9968-8534174E557B}
		{5C055CBD-92A8-4BF2-8FBD-147DE8026069} = {4CB5CB54-6590-4760-9DAE-1F4C74587D54}
		{E420A413-D20F-4FB8-ABC1-77409F363AEC} = {6A8C607C-24F4-4B0E-A08D-39E95EA09646}
		{7991C990-7B3C-4630-98DA-1F3EDD2DB010} = {61D9AC32-04A2-487C-A79B-85FA1A90EE7A}
	EndGlobalSection
	GlobalSection(ExtensibilityGlobals) = postSolution
		SolutionGuid = {83104A93-F4AB-4C02-AFAF-9D68A323A284}
	EndGlobalSection
EndGlobal
